
Microsoft Visual Studio Solution File, Format Version 12.00
# Visual Studio Version 17
VisualStudioVersion = 17.4.33213.308
MinimumVisualStudioVersion = 10.0.40219.1
Project("{FAE04EC0-301F-11D3-BF4B-00C04F79EFBC}") = "OCCPort.Tester", "OCCPort.Tester\OCCPort.Tester.csproj", "{79D87737-0F8F-49B6-BD76-169D94CD0F49}"
EndProject
Project("{FAE04EC0-301F-11D3-BF4B-00C04F79EFBC}") = "OCCPort.OpenGL", "OCCPort.OpenGL\OCCPort.OpenGL.csproj", "{A668587E-3C75-4AFB-9DDC-984ABB80F9E4}"
EndProject
Project("{FAE04EC0-301F-11D3-BF4B-00C04F79EFBC}") = "OCCPort", "OCCPort\OCCPort.csproj", "{26BF7EDF-D7E8-4E6C-B77A-EFB585CAB6A1}"
EndProject
Project("{FAE04EC0-301F-11D3-BF4B-00C04F79EFBC}") = "Triangle", "Triangle\Triangle.csproj", "{5033FBD7-387C-3AC7-72E0-14D4FF7C499D}"
EndProject
Project("{8BC9CEB8-8B4A-11D0-8D11-00A0C91BC942}") = "delabella", "delabella\delabella.vcxproj", "{7F00A75C-5CE1-4978-BBFB-3F98D3C064E5}"
EndProject
Project("{FAE04EC0-301F-11D3-BF4B-00C04F79EFBC}") = "TKernel", "TKernel\TKernel.csproj", "{26DCCD59-9683-4F8F-B90E-9FD914AC729C}"
EndProject
Global
	GlobalSection(SolutionConfigurationPlatforms) = preSolution
		Debug|Any CPU = Debug|Any CPU
		Debug|x64 = Debug|x64
		Debug|x86 = Debug|x86
		Release|Any CPU = Release|Any CPU
		Release|x64 = Release|x64
		Release|x86 = Release|x86
	EndGlobalSection
	GlobalSection(ProjectConfigurationPlatforms) = postSolution
		{79D87737-0F8F-49B6-BD76-169D94CD0F49}.Debug|Any CPU.ActiveCfg = Debug|Any CPU
		{79D87737-0F8F-49B6-BD76-169D94CD0F49}.Debug|Any CPU.Build.0 = Debug|Any CPU
		{79D87737-0F8F-49B6-BD76-169D94CD0F49}.Debug|x64.ActiveCfg = Debug|Any CPU
		{79D87737-0F8F-49B6-BD76-169D94CD0F49}.Debug|x64.Build.0 = Debug|Any CPU
		{79D87737-0F8F-49B6-BD76-169D94CD0F49}.Debug|x86.ActiveCfg = Debug|Any CPU
		{79D87737-0F8F-49B6-BD76-169D94CD0F49}.Debug|x86.Build.0 = Debug|Any CPU
		{79D87737-0F8F-49B6-BD76-169D94CD0F49}.Release|Any CPU.ActiveCfg = Release|Any CPU
		{79D87737-0F8F-49B6-BD76-169D94CD0F49}.Release|Any CPU.Build.0 = Release|Any CPU
		{79D87737-0F8F-49B6-BD76-169D94CD0F49}.Release|x64.ActiveCfg = Release|Any CPU
		{79D87737-0F8F-49B6-BD76-169D94CD0F49}.Release|x64.Build.0 = Release|Any CPU
		{79D87737-0F8F-49B6-BD76-169D94CD0F49}.Release|x86.ActiveCfg = Release|Any CPU
		{79D87737-0F8F-49B6-BD76-169D94CD0F49}.Release|x86.Build.0 = Release|Any CPU
		{A668587E-3C75-4AFB-9DDC-984ABB80F9E4}.Debug|Any CPU.ActiveCfg = Debug|Any CPU
		{A668587E-3C75-4AFB-9DDC-984ABB80F9E4}.Debug|Any CPU.Build.0 = Debug|Any CPU
		{A668587E-3C75-4AFB-9DDC-984ABB80F9E4}.Debug|x64.ActiveCfg = Debug|Any CPU
		{A668587E-3C75-4AFB-9DDC-984ABB80F9E4}.Debug|x64.Build.0 = Debug|Any CPU
		{A668587E-3C75-4AFB-9DDC-984ABB80F9E4}.Debug|x86.ActiveCfg = Debug|Any CPU
		{A668587E-3C75-4AFB-9DDC-984ABB80F9E4}.Debug|x86.Build.0 = Debug|Any CPU
		{A668587E-3C75-4AFB-9DDC-984ABB80F9E4}.Release|Any CPU.ActiveCfg = Release|Any CPU
		{A668587E-3C75-4AFB-9DDC-984ABB80F9E4}.Release|Any CPU.Build.0 = Release|Any CPU
		{A668587E-3C75-4AFB-9DDC-984ABB80F9E4}.Release|x64.ActiveCfg = Release|Any CPU
		{A668587E-3C75-4AFB-9DDC-984ABB80F9E4}.Release|x64.Build.0 = Release|Any CPU
		{A668587E-3C75-4AFB-9DDC-984ABB80F9E4}.Release|x86.ActiveCfg = Release|Any CPU
		{A668587E-3C75-4AFB-9DDC-984ABB80F9E4}.Release|x86.Build.0 = Release|Any CPU
		{26BF7EDF-D7E8-4E6C-B77A-EFB585CAB6A1}.Debug|Any CPU.ActiveCfg = Debug|Any CPU
		{26BF7EDF-D7E8-4E6C-B77A-EFB585CAB6A1}.Debug|Any CPU.Build.0 = Debug|Any CPU
		{26BF7EDF-D7E8-4E6C-B77A-EFB585CAB6A1}.Debug|x64.ActiveCfg = Debug|Any CPU
		{26BF7EDF-D7E8-4E6C-B77A-EFB585CAB6A1}.Debug|x64.Build.0 = Debug|Any CPU
		{26BF7EDF-D7E8-4E6C-B77A-EFB585CAB6A1}.Debug|x86.ActiveCfg = Debug|Any CPU
		{26BF7EDF-D7E8-4E6C-B77A-EFB585CAB6A1}.Debug|x86.Build.0 = Debug|Any CPU
		{26BF7EDF-D7E8-4E6C-B77A-EFB585CAB6A1}.Release|Any CPU.ActiveCfg = Release|Any CPU
		{26BF7EDF-D7E8-4E6C-B77A-EFB585CAB6A1}.Release|Any CPU.Build.0 = Release|Any CPU
		{26BF7EDF-D7E8-4E6C-B77A-EFB585CAB6A1}.Release|x64.ActiveCfg = Release|Any CPU
		{26BF7EDF-D7E8-4E6C-B77A-EFB585CAB6A1}.Release|x64.Build.0 = Release|Any CPU
		{26BF7EDF-D7E8-4E6C-B77A-EFB585CAB6A1}.Release|x86.ActiveCfg = Release|Any CPU
		{26BF7EDF-D7E8-4E6C-B77A-EFB585CAB6A1}.Release|x86.Build.0 = Release|Any CPU
		{5033FBD7-387C-3AC7-72E0-14D4FF7C499D}.Debug|Any CPU.ActiveCfg = Debug|Any CPU
		{5033FBD7-387C-3AC7-72E0-14D4FF7C499D}.Debug|Any CPU.Build.0 = Debug|Any CPU
		{5033FBD7-387C-3AC7-72E0-14D4FF7C499D}.Debug|x64.ActiveCfg = Debug|Any CPU
		{5033FBD7-387C-3AC7-72E0-14D4FF7C499D}.Debug|x64.Build.0 = Debug|Any CPU
		{5033FBD7-387C-3AC7-72E0-14D4FF7C499D}.Debug|x86.ActiveCfg = Debug|Any CPU
		{5033FBD7-387C-3AC7-72E0-14D4FF7C499D}.Debug|x86.Build.0 = Debug|Any CPU
		{5033FBD7-387C-3AC7-72E0-14D4FF7C499D}.Release|Any CPU.ActiveCfg = Release|Any CPU
		{5033FBD7-387C-3AC7-72E0-14D4FF7C499D}.Release|Any CPU.Build.0 = Release|Any CPU
		{5033FBD7-387C-3AC7-72E0-14D4FF7C499D}.Release|x64.ActiveCfg = Release|Any CPU
		{5033FBD7-387C-3AC7-72E0-14D4FF7C499D}.Release|x64.Build.0 = Release|Any CPU
		{5033FBD7-387C-3AC7-72E0-14D4FF7C499D}.Release|x86.ActiveCfg = Release|Any CPU
		{5033FBD7-387C-3AC7-72E0-14D4FF7C499D}.Release|x86.Build.0 = Release|Any CPU
		{7F00A75C-5CE1-4978-BBFB-3F98D3C064E5}.Debug|Any CPU.ActiveCfg = Debug|x64
		{7F00A75C-5CE1-4978-BBFB-3F98D3C064E5}.Debug|Any CPU.Build.0 = Debug|x64
		{7F00A75C-5CE1-4978-BBFB-3F98D3C064E5}.Debug|x64.ActiveCfg = Debug|x64
		{7F00A75C-5CE1-4978-BBFB-3F98D3C064E5}.Debug|x64.Build.0 = Debug|x64
		{7F00A75C-5CE1-4978-BBFB-3F98D3C064E5}.Debug|x86.ActiveCfg = Debug|Win32
		{7F00A75C-5CE1-4978-BBFB-3F98D3C064E5}.Debug|x86.Build.0 = Debug|Win32
		{7F00A75C-5CE1-4978-BBFB-3F98D3C064E5}.Release|Any CPU.ActiveCfg = Release|x64
		{7F00A75C-5CE1-4978-BBFB-3F98D3C064E5}.Release|Any CPU.Build.0 = Release|x64
		{7F00A75C-5CE1-4978-BBFB-3F98D3C064E5}.Release|x64.ActiveCfg = Release|x64
		{7F00A75C-5CE1-4978-BBFB-3F98D3C064E5}.Release|x64.Build.0 = Release|x64
		{7F00A75C-5CE1-4978-BBFB-3F98D3C064E5}.Release|x86.ActiveCfg = Release|Win32
		{7F00A75C-5CE1-4978-BBFB-3F98D3C064E5}.Release|x86.Build.0 = Release|Win32
		{26DCCD59-9683-4F8F-B90E-9FD914AC729C}.Debug|Any CPU.ActiveCfg = Debug|Any CPU
		{26DCCD59-9683-4F8F-B90E-9FD914AC729C}.Debug|Any CPU.Build.0 = Debug|Any CPU
		{26DCCD59-9683-4F8F-B90E-9FD914AC729C}.Debug|x64.ActiveCfg = Debug|Any CPU
		{26DCCD59-9683-4F8F-B90E-9FD914AC729C}.Debug|x64.Build.0 = Debug|Any CPU
		{26DCCD59-9683-4F8F-B90E-9FD914AC729C}.Debug|x86.ActiveCfg = Debug|Any CPU
		{26DCCD59-9683-4F8F-B90E-9FD914AC729C}.Debug|x86.Build.0 = Debug|Any CPU
		{26DCCD59-9683-4F8F-B90E-9FD914AC729C}.Release|Any CPU.ActiveCfg = Release|Any CPU
		{26DCCD59-9683-4F8F-B90E-9FD914AC729C}.Release|Any CPU.Build.0 = Release|Any CPU
		{26DCCD59-9683-4F8F-B90E-9FD914AC729C}.Release|x64.ActiveCfg = Release|Any CPU
		{26DCCD59-9683-4F8F-B90E-9FD914AC729C}.Release|x64.Build.0 = Release|Any CPU
		{26DCCD59-9683-4F8F-B90E-9FD914AC729C}.Release|x86.ActiveCfg = Release|Any CPU
		{26DCCD59-9683-4F8F-B90E-9FD914AC729C}.Release|x86.Build.0 = Release|Any CPU
	EndGlobalSection
	GlobalSection(SolutionProperties) = preSolution
		HideSolutionNode = FALSE
	EndGlobalSection
	GlobalSection(ExtensibilityGlobals) = postSolution
		SolutionGuid = {25BDC684-B1B3-4CF3-9C42-A02F078A6FCE}
	EndGlobalSection
EndGlobal
